
Microsoft Visual Studio Solution File, Format Version 12.00
# Visual Studio Version 16
VisualStudioVersion = 16.0.30907.101
MinimumVisualStudioVersion = 10.0.40219.1
Project("{FAE04EC0-301F-11D3-BF4B-00C04F79EFBC}") = "SchoolList", "SchoolList.csproj", "{918875C6-47AE-4124-B302-9DD403CB2035}"
EndProject
Global
	GlobalSection(SolutionConfigurationPlatforms) = preSolution
		Debug|Any CPU = Debug|Any CPU
		Release|Any CPU = Release|Any CPU
	EndGlobalSection
	GlobalSection(ProjectConfigurationPlatforms) = postSolution
		{918875C6-47AE-4124-B302-9DD403CB2035}.Debug|Any CPU.ActiveCfg = Debug|Any CPU
		{918875C6-47AE-4124-B302-9DD403CB2035}.Debug|Any CPU.Build.0 = Debug|Any CPU
		{918875C6-47AE-4124-B302-9DD403CB2035}.Release|Any CPU.ActiveCfg = Release|Any CPU
		{918875C6-47AE-4124-B302-9DD403CB2035}.Release|Any CPU.Build.0 = Release|Any CPU
	EndGlobalSection
	GlobalSection(SolutionProperties) = preSolution
		HideSolutionNode = FALSE
	EndGlobalSection
	GlobalSection(ExtensibilityGlobals) = postSolution
		SolutionGuid = {ECC41F55-30E2-4C83-B2FE-C3E5DF8FF2FD}
	EndGlobalSection
EndGlobal
