
Microsoft Visual Studio Solution File, Format Version 12.00
# Visual Studio Version 16
VisualStudioVersion = 16.0.31410.357
MinimumVisualStudioVersion = 10.0.40219.1
Project("{FAE04EC0-301F-11D3-BF4B-00C04F79EFBC}") = "SchoolDB", "SchoolDB.csproj", "{1C792EA8-346A-40C3-B08B-590B5263107B}"
EndProject
Project("{FAE04EC0-301F-11D3-BF4B-00C04F79EFBC}") = "SchoolDB.Domain", "..\SchoolDB.Domain\SchoolDB.Domain.csproj", "{23AC4457-6C74-4A30-8D9A-5BA6828D74E2}"
EndProject
Project("{FAE04EC0-301F-11D3-BF4B-00C04F79EFBC}") = "SchoolDB.Repository", "..\SchoolDB.Repository\SchoolDB.Repository.csproj", "{B655DEA0-C7BF-46B8-96FC-93102CCA60DE}"
EndProject
Global
	GlobalSection(SolutionConfigurationPlatforms) = preSolution
		Debug|Any CPU = Debug|Any CPU
		Release|Any CPU = Release|Any CPU
	EndGlobalSection
	GlobalSection(ProjectConfigurationPlatforms) = postSolution
		{1C792EA8-346A-40C3-B08B-590B5263107B}.Debug|Any CPU.ActiveCfg = Debug|Any CPU
		{1C792EA8-346A-40C3-B08B-590B5263107B}.Debug|Any CPU.Build.0 = Debug|Any CPU
		{1C792EA8-346A-40C3-B08B-590B5263107B}.Release|Any CPU.ActiveCfg = Release|Any CPU
		{1C792EA8-346A-40C3-B08B-590B5263107B}.Release|Any CPU.Build.0 = Release|Any CPU
		{23AC4457-6C74-4A30-8D9A-5BA6828D74E2}.Debug|Any CPU.ActiveCfg = Debug|Any CPU
		{23AC4457-6C74-4A30-8D9A-5BA6828D74E2}.Debug|Any CPU.Build.0 = Debug|Any CPU
		{23AC4457-6C74-4A30-8D9A-5BA6828D74E2}.Release|Any CPU.ActiveCfg = Release|Any CPU
		{23AC4457-6C74-4A30-8D9A-5BA6828D74E2}.Release|Any CPU.Build.0 = Release|Any CPU
		{B655DEA0-C7BF-46B8-96FC-93102CCA60DE}.Debug|Any CPU.ActiveCfg = Debug|Any CPU
		{B655DEA0-C7BF-46B8-96FC-93102CCA60DE}.Debug|Any CPU.Build.0 = Debug|Any CPU
		{B655DEA0-C7BF-46B8-96FC-93102CCA60DE}.Release|Any CPU.ActiveCfg = Release|Any CPU
		{B655DEA0-C7BF-46B8-96FC-93102CCA60DE}.Release|Any CPU.Build.0 = Release|Any CPU
	EndGlobalSection
	GlobalSection(SolutionProperties) = preSolution
		HideSolutionNode = FALSE
	EndGlobalSection
	GlobalSection(ExtensibilityGlobals) = postSolution
		SolutionGuid = {EE88D27C-CEC7-473E-B456-37350078E605}
	EndGlobalSection
EndGlobal
